
Microsoft Visual Studio Solution File, Format Version 12.00
# Visual Studio Version 17
VisualStudioVersion = 17.4.33205.214
MinimumVisualStudioVersion = 10.0.40219.1
Project("{FAE04EC0-301F-11D3-BF4B-00C04F79EFBC}") = "MovieManagementAPI", "MovieManagementAPI\MovieManagementAPI.csproj", "{3CE6A7F3-5B4B-4809-8ADD-1AC2ED2EDC00}"
EndProject
Global
	GlobalSection(SolutionConfigurationPlatforms) = preSolution
		Debug|Any CPU = Debug|Any CPU
		Release|Any CPU = Release|Any CPU
	EndGlobalSection
	GlobalSection(ProjectConfigurationPlatforms) = postSolution
		{3CE6A7F3-5B4B-4809-8ADD-1AC2ED2EDC00}.Debug|Any CPU.ActiveCfg = Debug|Any CPU
		{3CE6A7F3-5B4B-4809-8ADD-1AC2ED2EDC00}.Debug|Any CPU.Build.0 = Debug|Any CPU
		{3CE6A7F3-5B4B-4809-8ADD-1AC2ED2EDC00}.Release|Any CPU.ActiveCfg = Release|Any CPU
		{3CE6A7F3-5B4B-4809-8ADD-1AC2ED2EDC00}.Release|Any CPU.Build.0 = Release|Any CPU
	EndGlobalSection
	GlobalSection(SolutionProperties) = preSolution
		HideSolutionNode = FALSE
	EndGlobalSection
	GlobalSection(ExtensibilityGlobals) = postSolution
		SolutionGuid = {21BAA595-664F-4BD1-999A-37DA0CE50D94}
	EndGlobalSection
EndGlobal
